// !$*UTF8*$!
{
	archiveVersion = 1;
	classes = {
	};
	objectVersion = 56;
	objects = {

/* Begin PBXBuildFile section */
		D3EFDF732C95E910003E4EF2 /* NewsiumApp.swift in Sources */ = {isa = PBXBuildFile; fileRef = D3EFDF722C95E910003E4EF2 /* NewsiumApp.swift */; };
		D3EFDF752C95E910003E4EF2 /* HomeView.swift in Sources */ = {isa = PBXBuildFile; fileRef = D3EFDF742C95E910003E4EF2 /* HomeView.swift */; };
		D3EFDF772C95E912003E4EF2 /* Assets.xcassets in Resources */ = {isa = PBXBuildFile; fileRef = D3EFDF762C95E912003E4EF2 /* Assets.xcassets */; };
		D3EFDF7A2C95E912003E4EF2 /* Preview Assets.xcassets in Resources */ = {isa = PBXBuildFile; fileRef = D3EFDF792C95E912003E4EF2 /* Preview Assets.xcassets */; };
		D3EFDF812C9600F6003E4EF2 /* ReadMe.swift in Sources */ = {isa = PBXBuildFile; fileRef = D3EFDF802C9600F6003E4EF2 /* ReadMe.swift */; };
		D3EFDF862C9602BF003E4EF2 /* ArticleView.swift in Sources */ = {isa = PBXBuildFile; fileRef = D3EFDF852C9602BF003E4EF2 /* ArticleView.swift */; };
		D3EFDF882C9725FD003E4EF2 /* ArticleDetailsView.swift in Sources */ = {isa = PBXBuildFile; fileRef = D3EFDF872C9725FD003E4EF2 /* ArticleDetailsView.swift */; };
		D3EFDF8B2C972DCD003E4EF2 /* VPButtonView.swift in Sources */ = {isa = PBXBuildFile; fileRef = D3EFDF8A2C972DCD003E4EF2 /* VPButtonView.swift */; };
		D3EFDF8E2C974491003E4EF2 /* NetworkService.swift in Sources */ = {isa = PBXBuildFile; fileRef = D3EFDF8D2C974491003E4EF2 /* NetworkService.swift */; };
		D3EFDF912C9744AF003E4EF2 /* NetworkServiceProtocol.swift in Sources */ = {isa = PBXBuildFile; fileRef = D3EFDF902C9744AF003E4EF2 /* NetworkServiceProtocol.swift */; };
		D3EFDF952C974B99003E4EF2 /* ArticlesResponse.swift in Sources */ = {isa = PBXBuildFile; fileRef = D3EFDF922C974B99003E4EF2 /* ArticlesResponse.swift */; };
		D3EFDF962C974B99003E4EF2 /* Source.swift in Sources */ = {isa = PBXBuildFile; fileRef = D3EFDF932C974B99003E4EF2 /* Source.swift */; };
		D3EFDF972C974B99003E4EF2 /* Articles.swift in Sources */ = {isa = PBXBuildFile; fileRef = D3EFDF942C974B99003E4EF2 /* Articles.swift */; };
		D3EFDF9A2C974E6D003E4EF2 /* Constants.swift in Sources */ = {isa = PBXBuildFile; fileRef = D3EFDF992C974E6D003E4EF2 /* Constants.swift */; };
		D3EFDF9C2C975216003E4EF2 /* HomeView-ViewModel.swift in Sources */ = {isa = PBXBuildFile; fileRef = D3EFDF9B2C975216003E4EF2 /* HomeView-ViewModel.swift */; };
/* End PBXBuildFile section */

/* Begin PBXFileReference section */
		D3EFDF6F2C95E910003E4EF2 /* Newsium.app */ = {isa = PBXFileReference; explicitFileType = wrapper.application; includeInIndex = 0; path = Newsium.app; sourceTree = BUILT_PRODUCTS_DIR; };
		D3EFDF722C95E910003E4EF2 /* NewsiumApp.swift */ = {isa = PBXFileReference; lastKnownFileType = sourcecode.swift; path = NewsiumApp.swift; sourceTree = "<group>"; };
		D3EFDF742C95E910003E4EF2 /* HomeView.swift */ = {isa = PBXFileReference; lastKnownFileType = sourcecode.swift; path = HomeView.swift; sourceTree = "<group>"; };
		D3EFDF762C95E912003E4EF2 /* Assets.xcassets */ = {isa = PBXFileReference; lastKnownFileType = folder.assetcatalog; path = Assets.xcassets; sourceTree = "<group>"; };
		D3EFDF792C95E912003E4EF2 /* Preview Assets.xcassets */ = {isa = PBXFileReference; lastKnownFileType = folder.assetcatalog; path = "Preview Assets.xcassets"; sourceTree = "<group>"; };
		D3EFDF802C9600F6003E4EF2 /* ReadMe.swift */ = {isa = PBXFileReference; lastKnownFileType = sourcecode.swift; path = ReadMe.swift; sourceTree = "<group>"; };
		D3EFDF852C9602BF003E4EF2 /* ArticleView.swift */ = {isa = PBXFileReference; lastKnownFileType = sourcecode.swift; path = ArticleView.swift; sourceTree = "<group>"; };
		D3EFDF872C9725FD003E4EF2 /* ArticleDetailsView.swift */ = {isa = PBXFileReference; lastKnownFileType = sourcecode.swift; path = ArticleDetailsView.swift; sourceTree = "<group>"; };
		D3EFDF8A2C972DCD003E4EF2 /* VPButtonView.swift */ = {isa = PBXFileReference; lastKnownFileType = sourcecode.swift; path = VPButtonView.swift; sourceTree = "<group>"; };
		D3EFDF8D2C974491003E4EF2 /* NetworkService.swift */ = {isa = PBXFileReference; fileEncoding = 4; lastKnownFileType = sourcecode.swift; path = NetworkService.swift; sourceTree = "<group>"; };
		D3EFDF902C9744AF003E4EF2 /* NetworkServiceProtocol.swift */ = {isa = PBXFileReference; fileEncoding = 4; lastKnownFileType = sourcecode.swift; path = NetworkServiceProtocol.swift; sourceTree = "<group>"; };
		D3EFDF922C974B99003E4EF2 /* ArticlesResponse.swift */ = {isa = PBXFileReference; fileEncoding = 4; lastKnownFileType = sourcecode.swift; path = ArticlesResponse.swift; sourceTree = "<group>"; };
		D3EFDF932C974B99003E4EF2 /* Source.swift */ = {isa = PBXFileReference; fileEncoding = 4; lastKnownFileType = sourcecode.swift; path = Source.swift; sourceTree = "<group>"; };
		D3EFDF942C974B99003E4EF2 /* Articles.swift */ = {isa = PBXFileReference; fileEncoding = 4; lastKnownFileType = sourcecode.swift; path = Articles.swift; sourceTree = "<group>"; };
		D3EFDF992C974E6D003E4EF2 /* Constants.swift */ = {isa = PBXFileReference; lastKnownFileType = sourcecode.swift; path = Constants.swift; sourceTree = "<group>"; };
		D3EFDF9B2C975216003E4EF2 /* HomeView-ViewModel.swift */ = {isa = PBXFileReference; lastKnownFileType = sourcecode.swift; path = "HomeView-ViewModel.swift"; sourceTree = "<group>"; };
/* End PBXFileReference section */

/* Begin PBXFrameworksBuildPhase section */
		D3EFDF6C2C95E910003E4EF2 /* Frameworks */ = {
			isa = PBXFrameworksBuildPhase;
			buildActionMask = 2147483647;
			files = (
			);
			runOnlyForDeploymentPostprocessing = 0;
		};
/* End PBXFrameworksBuildPhase section */

/* Begin PBXGroup section */
		D3EFDF662C95E910003E4EF2 = {
			isa = PBXGroup;
			children = (
				D3EFDF712C95E910003E4EF2 /* Newsium */,
				D3EFDF702C95E910003E4EF2 /* Products */,
			);
			sourceTree = "<group>";
		};
		D3EFDF702C95E910003E4EF2 /* Products */ = {
			isa = PBXGroup;
			children = (
				D3EFDF6F2C95E910003E4EF2 /* Newsium.app */,
			);
			name = Products;
			sourceTree = "<group>";
		};
		D3EFDF712C95E910003E4EF2 /* Newsium */ = {
			isa = PBXGroup;
			children = (
				D3EFDF802C9600F6003E4EF2 /* ReadMe.swift */,
				D3EFDF722C95E910003E4EF2 /* NewsiumApp.swift */,
				D3EFDF982C974E57003E4EF2 /* Utilities */,
				D3EFDF8C2C974483003E4EF2 /* Services */,
				D3EFDF822C960286003E4EF2 /* View */,
				D3EFDF832C960290003E4EF2 /* Model */,
				D3EFDF842C960299003E4EF2 /* ViewModel */,
				D3EFDF762C95E912003E4EF2 /* Assets.xcassets */,
				D3EFDF782C95E912003E4EF2 /* Preview Content */,
			);
			path = Newsium;
			sourceTree = "<group>";
		};
		D3EFDF782C95E912003E4EF2 /* Preview Content */ = {
			isa = PBXGroup;
			children = (
				D3EFDF792C95E912003E4EF2 /* Preview Assets.xcassets */,
			);
			path = "Preview Content";
			sourceTree = "<group>";
		};
		D3EFDF822C960286003E4EF2 /* View */ = {
			isa = PBXGroup;
			children = (
				D3EFDF892C972D81003E4EF2 /* UtilityViews */,
				D3EFDF742C95E910003E4EF2 /* HomeView.swift */,
				D3EFDF852C9602BF003E4EF2 /* ArticleView.swift */,
				D3EFDF872C9725FD003E4EF2 /* ArticleDetailsView.swift */,
			);
			path = View;
			sourceTree = "<group>";
		};
		D3EFDF832C960290003E4EF2 /* Model */ = {
			isa = PBXGroup;
			children = (
				D3EFDF942C974B99003E4EF2 /* Articles.swift */,
				D3EFDF922C974B99003E4EF2 /* ArticlesResponse.swift */,
				D3EFDF932C974B99003E4EF2 /* Source.swift */,
			);
			path = Model;
			sourceTree = "<group>";
		};
		D3EFDF842C960299003E4EF2 /* ViewModel */ = {
			isa = PBXGroup;
			children = (
				D3EFDF9B2C975216003E4EF2 /* HomeView-ViewModel.swift */,
			);
			path = ViewModel;
			sourceTree = "<group>";
		};
		D3EFDF892C972D81003E4EF2 /* UtilityViews */ = {
			isa = PBXGroup;
			children = (
				D3EFDF8A2C972DCD003E4EF2 /* VPButtonView.swift */,
			);
			path = UtilityViews;
			sourceTree = "<group>";
		};
		D3EFDF8C2C974483003E4EF2 /* Services */ = {
			isa = PBXGroup;
			children = (
				D3EFDF8F2C9744A2003E4EF2 /* Protocols */,
				D3EFDF8D2C974491003E4EF2 /* NetworkService.swift */,
			);
			path = Services;
			sourceTree = "<group>";
		};
		D3EFDF8F2C9744A2003E4EF2 /* Protocols */ = {
			isa = PBXGroup;
			children = (
				D3EFDF902C9744AF003E4EF2 /* NetworkServiceProtocol.swift */,
			);
			path = Protocols;
			sourceTree = "<group>";
		};
		D3EFDF982C974E57003E4EF2 /* Utilities */ = {
			isa = PBXGroup;
			children = (
				D3EFDF992C974E6D003E4EF2 /* Constants.swift */,
			);
			path = Utilities;
			sourceTree = "<group>";
		};
/* End PBXGroup section */

/* Begin PBXNativeTarget section */
		D3EFDF6E2C95E910003E4EF2 /* Newsium */ = {
			isa = PBXNativeTarget;
			buildConfigurationList = D3EFDF7D2C95E912003E4EF2 /* Build configuration list for PBXNativeTarget "Newsium" */;
			buildPhases = (
				D3EFDF6B2C95E910003E4EF2 /* Sources */,
				D3EFDF6C2C95E910003E4EF2 /* Frameworks */,
				D3EFDF6D2C95E910003E4EF2 /* Resources */,
			);
			buildRules = (
			);
			dependencies = (
			);
			name = Newsium;
			productName = Newsium;
			productReference = D3EFDF6F2C95E910003E4EF2 /* Newsium.app */;
			productType = "com.apple.product-type.application";
		};
/* End PBXNativeTarget section */

/* Begin PBXProject section */
		D3EFDF672C95E910003E4EF2 /* Project object */ = {
			isa = PBXProject;
			attributes = {
				BuildIndependentTargetsInParallel = 1;
				LastSwiftUpdateCheck = 1500;
				LastUpgradeCheck = 1500;
				TargetAttributes = {
					D3EFDF6E2C95E910003E4EF2 = {
						CreatedOnToolsVersion = 15.0;
					};
				};
			};
			buildConfigurationList = D3EFDF6A2C95E910003E4EF2 /* Build configuration list for PBXProject "Newsium" */;
			compatibilityVersion = "Xcode 14.0";
			developmentRegion = en;
			hasScannedForEncodings = 0;
			knownRegions = (
				en,
				Base,
			);
			mainGroup = D3EFDF662C95E910003E4EF2;
			productRefGroup = D3EFDF702C95E910003E4EF2 /* Products */;
			projectDirPath = "";
			projectRoot = "";
			targets = (
				D3EFDF6E2C95E910003E4EF2 /* Newsium */,
			);
		};
/* End PBXProject section */

/* Begin PBXResourcesBuildPhase section */
		D3EFDF6D2C95E910003E4EF2 /* Resources */ = {
			isa = PBXResourcesBuildPhase;
			buildActionMask = 2147483647;
			files = (
				D3EFDF7A2C95E912003E4EF2 /* Preview Assets.xcassets in Resources */,
				D3EFDF772C95E912003E4EF2 /* Assets.xcassets in Resources */,
			);
			runOnlyForDeploymentPostprocessing = 0;
		};
/* End PBXResourcesBuildPhase section */

/* Begin PBXSourcesBuildPhase section */
		D3EFDF6B2C95E910003E4EF2 /* Sources */ = {
			isa = PBXSourcesBuildPhase;
			buildActionMask = 2147483647;
			files = (
				D3EFDF812C9600F6003E4EF2 /* ReadMe.swift in Sources */,
				D3EFDF752C95E910003E4EF2 /* HomeView.swift in Sources */,
				D3EFDF8B2C972DCD003E4EF2 /* VPButtonView.swift in Sources */,
				D3EFDF882C9725FD003E4EF2 /* ArticleDetailsView.swift in Sources */,
				D3EFDF912C9744AF003E4EF2 /* NetworkServiceProtocol.swift in Sources */,
				D3EFDF732C95E910003E4EF2 /* NewsiumApp.swift in Sources */,
				D3EFDF862C9602BF003E4EF2 /* ArticleView.swift in Sources */,
				D3EFDF9C2C975216003E4EF2 /* HomeView-ViewModel.swift in Sources */,
				D3EFDF8E2C974491003E4EF2 /* NetworkService.swift in Sources */,
				D3EFDF962C974B99003E4EF2 /* Source.swift in Sources */,
				D3EFDF972C974B99003E4EF2 /* Articles.swift in Sources */,
				D3EFDF952C974B99003E4EF2 /* ArticlesResponse.swift in Sources */,
				D3EFDF9A2C974E6D003E4EF2 /* Constants.swift in Sources */,
			);
			runOnlyForDeploymentPostprocessing = 0;
		};
/* End PBXSourcesBuildPhase section */

/* Begin XCBuildConfiguration section */
		D3EFDF7B2C95E912003E4EF2 /* Debug */ = {
			isa = XCBuildConfiguration;
			buildSettings = {
				ALWAYS_SEARCH_USER_PATHS = NO;
				ASSETCATALOG_COMPILER_GENERATE_SWIFT_ASSET_SYMBOL_EXTENSIONS = YES;
				CLANG_ANALYZER_NONNULL = YES;
				CLANG_ANALYZER_NUMBER_OBJECT_CONVERSION = YES_AGGRESSIVE;
				CLANG_CXX_LANGUAGE_STANDARD = "gnu++20";
				CLANG_ENABLE_MODULES = YES;
				CLANG_ENABLE_OBJC_ARC = YES;
				CLANG_ENABLE_OBJC_WEAK = YES;
				CLANG_WARN_BLOCK_CAPTURE_AUTORELEASING = YES;
				CLANG_WARN_BOOL_CONVERSION = YES;
				CLANG_WARN_COMMA = YES;
				CLANG_WARN_CONSTANT_CONVERSION = YES;
				CLANG_WARN_DEPRECATED_OBJC_IMPLEMENTATIONS = YES;
				CLANG_WARN_DIRECT_OBJC_ISA_USAGE = YES_ERROR;
				CLANG_WARN_DOCUMENTATION_COMMENTS = YES;
				CLANG_WARN_EMPTY_BODY = YES;
				CLANG_WARN_ENUM_CONVERSION = YES;
				CLANG_WARN_INFINITE_RECURSION = YES;
				CLANG_WARN_INT_CONVERSION = YES;
				CLANG_WARN_NON_LITERAL_NULL_CONVERSION = YES;
				CLANG_WARN_OBJC_IMPLICIT_RETAIN_SELF = YES;
				CLANG_WARN_OBJC_LITERAL_CONVERSION = YES;
				CLANG_WARN_OBJC_ROOT_CLASS = YES_ERROR;
				CLANG_WARN_QUOTED_INCLUDE_IN_FRAMEWORK_HEADER = YES;
				CLANG_WARN_RANGE_LOOP_ANALYSIS = YES;
				CLANG_WARN_STRICT_PROTOTYPES = YES;
				CLANG_WARN_SUSPICIOUS_MOVE = YES;
				CLANG_WARN_UNGUARDED_AVAILABILITY = YES_AGGRESSIVE;
				CLANG_WARN_UNREACHABLE_CODE = YES;
				CLANG_WARN__DUPLICATE_METHOD_MATCH = YES;
				COPY_PHASE_STRIP = NO;
				DEBUG_INFORMATION_FORMAT = dwarf;
				ENABLE_STRICT_OBJC_MSGSEND = YES;
				ENABLE_TESTABILITY = YES;
				ENABLE_USER_SCRIPT_SANDBOXING = YES;
				GCC_C_LANGUAGE_STANDARD = gnu17;
				GCC_DYNAMIC_NO_PIC = NO;
				GCC_NO_COMMON_BLOCKS = YES;
				GCC_OPTIMIZATION_LEVEL = 0;
				GCC_PREPROCESSOR_DEFINITIONS = (
					"DEBUG=1",
					"$(inherited)",
				);
				GCC_WARN_64_TO_32_BIT_CONVERSION = YES;
				GCC_WARN_ABOUT_RETURN_TYPE = YES_ERROR;
				GCC_WARN_UNDECLARED_SELECTOR = YES;
				GCC_WARN_UNINITIALIZED_AUTOS = YES_AGGRESSIVE;
				GCC_WARN_UNUSED_FUNCTION = YES;
				GCC_WARN_UNUSED_VARIABLE = YES;
				IPHONEOS_DEPLOYMENT_TARGET = 17.0;
				LOCALIZATION_PREFERS_STRING_CATALOGS = YES;
				MTL_ENABLE_DEBUG_INFO = INCLUDE_SOURCE;
				MTL_FAST_MATH = YES;
				ONLY_ACTIVE_ARCH = YES;
				SDKROOT = iphoneos;
				SWIFT_ACTIVE_COMPILATION_CONDITIONS = "DEBUG $(inherited)";
				SWIFT_OPTIMIZATION_LEVEL = "-Onone";
			};
			name = Debug;
		};
		D3EFDF7C2C95E912003E4EF2 /* Release */ = {
			isa = XCBuildConfiguration;
			buildSettings = {
				ALWAYS_SEARCH_USER_PATHS = NO;
				ASSETCATALOG_COMPILER_GENERATE_SWIFT_ASSET_SYMBOL_EXTENSIONS = YES;
				CLANG_ANALYZER_NONNULL = YES;
				CLANG_ANALYZER_NUMBER_OBJECT_CONVERSION = YES_AGGRESSIVE;
				CLANG_CXX_LANGUAGE_STANDARD = "gnu++20";
				CLANG_ENABLE_MODULES = YES;
				CLANG_ENABLE_OBJC_ARC = YES;
				CLANG_ENABLE_OBJC_WEAK = YES;
				CLANG_WARN_BLOCK_CAPTURE_AUTORELEASING = YES;
				CLANG_WARN_BOOL_CONVERSION = YES;
				CLANG_WARN_COMMA = YES;
				CLANG_WARN_CONSTANT_CONVERSION = YES;
				CLANG_WARN_DEPRECATED_OBJC_IMPLEMENTATIONS = YES;
				CLANG_WARN_DIRECT_OBJC_ISA_USAGE = YES_ERROR;
				CLANG_WARN_DOCUMENTATION_COMMENTS = YES;
				CLANG_WARN_EMPTY_BODY = YES;
				CLANG_WARN_ENUM_CONVERSION = YES;
				CLANG_WARN_INFINITE_RECURSION = YES;
				CLANG_WARN_INT_CONVERSION = YES;
				CLANG_WARN_NON_LITERAL_NULL_CONVERSION = YES;
				CLANG_WARN_OBJC_IMPLICIT_RETAIN_SELF = YES;
				CLANG_WARN_OBJC_LITERAL_CONVERSION = YES;
				CLANG_WARN_OBJC_ROOT_CLASS = YES_ERROR;
				CLANG_WARN_QUOTED_INCLUDE_IN_FRAMEWORK_HEADER = YES;
				CLANG_WARN_RANGE_LOOP_ANALYSIS = YES;
				CLANG_WARN_STRICT_PROTOTYPES = YES;
				CLANG_WARN_SUSPICIOUS_MOVE = YES;
				CLANG_WARN_UNGUARDED_AVAILABILITY = YES_AGGRESSIVE;
				CLANG_WARN_UNREACHABLE_CODE = YES;
				CLANG_WARN__DUPLICATE_METHOD_MATCH = YES;
				COPY_PHASE_STRIP = NO;
				DEBUG_INFORMATION_FORMAT = "dwarf-with-dsym";
				ENABLE_NS_ASSERTIONS = NO;
				ENABLE_STRICT_OBJC_MSGSEND = YES;
				ENABLE_USER_SCRIPT_SANDBOXING = YES;
				GCC_C_LANGUAGE_STANDARD = gnu17;
				GCC_NO_COMMON_BLOCKS = YES;
				GCC_WARN_64_TO_32_BIT_CONVERSION = YES;
				GCC_WARN_ABOUT_RETURN_TYPE = YES_ERROR;
				GCC_WARN_UNDECLARED_SELECTOR = YES;
				GCC_WARN_UNINITIALIZED_AUTOS = YES_AGGRESSIVE;
				GCC_WARN_UNUSED_FUNCTION = YES;
				GCC_WARN_UNUSED_VARIABLE = YES;
				IPHONEOS_DEPLOYMENT_TARGET = 17.0;
				LOCALIZATION_PREFERS_STRING_CATALOGS = YES;
				MTL_ENABLE_DEBUG_INFO = NO;
				MTL_FAST_MATH = YES;
				SDKROOT = iphoneos;
				SWIFT_COMPILATION_MODE = wholemodule;
				VALIDATE_PRODUCT = YES;
			};
			name = Release;
		};
		D3EFDF7E2C95E912003E4EF2 /* Debug */ = {
			isa = XCBuildConfiguration;
			buildSettings = {
				ASSETCATALOG_COMPILER_APPICON_NAME = AppIcon;
				ASSETCATALOG_COMPILER_GLOBAL_ACCENT_COLOR_NAME = AccentColor;
				CODE_SIGN_STYLE = Automatic;
				CURRENT_PROJECT_VERSION = 1;
				DEVELOPMENT_ASSET_PATHS = "\"Newsium/Preview Content\"";
				DEVELOPMENT_TEAM = H5N428TQC2;
				ENABLE_PREVIEWS = YES;
				GENERATE_INFOPLIST_FILE = YES;
				INFOPLIST_KEY_UIApplicationSceneManifest_Generation = YES;
				INFOPLIST_KEY_UIApplicationSupportsIndirectInputEvents = YES;
				INFOPLIST_KEY_UILaunchScreen_Generation = YES;
				INFOPLIST_KEY_UISupportedInterfaceOrientations_iPad = "UIInterfaceOrientationPortrait UIInterfaceOrientationPortraitUpsideDown UIInterfaceOrientationLandscapeLeft UIInterfaceOrientationLandscapeRight";
				INFOPLIST_KEY_UISupportedInterfaceOrientations_iPhone = "UIInterfaceOrientationPortrait UIInterfaceOrientationLandscapeLeft UIInterfaceOrientationLandscapeRight";
				LD_RUNPATH_SEARCH_PATHS = (
					"$(inherited)",
					"@executable_path/Frameworks",
				);
				MARKETING_VERSION = 1.0;
				PRODUCT_BUNDLE_IDENTIFIER = vapps.Newsium;
				PRODUCT_NAME = "$(TARGET_NAME)";
				SWIFT_EMIT_LOC_STRINGS = YES;
				SWIFT_VERSION = 5.0;
				TARGETED_DEVICE_FAMILY = "1,2";
			};
			name = Debug;
		};
		D3EFDF7F2C95E912003E4EF2 /* Release */ = {
			isa = XCBuildConfiguration;
			buildSettings = {
				ASSETCATALOG_COMPILER_APPICON_NAME = AppIcon;
				ASSETCATALOG_COMPILER_GLOBAL_ACCENT_COLOR_NAME = AccentColor;
				CODE_SIGN_STYLE = Automatic;
				CURRENT_PROJECT_VERSION = 1;
				DEVELOPMENT_ASSET_PATHS = "\"Newsium/Preview Content\"";
				DEVELOPMENT_TEAM = H5N428TQC2;
				ENABLE_PREVIEWS = YES;
				GENERATE_INFOPLIST_FILE = YES;
				INFOPLIST_KEY_UIApplicationSceneManifest_Generation = YES;
				INFOPLIST_KEY_UIApplicationSupportsIndirectInputEvents = YES;
				INFOPLIST_KEY_UILaunchScreen_Generation = YES;
				INFOPLIST_KEY_UISupportedInterfaceOrientations_iPad = "UIInterfaceOrientationPortrait UIInterfaceOrientationPortraitUpsideDown UIInterfaceOrientationLandscapeLeft UIInterfaceOrientationLandscapeRight";
				INFOPLIST_KEY_UISupportedInterfaceOrientations_iPhone = "UIInterfaceOrientationPortrait UIInterfaceOrientationLandscapeLeft UIInterfaceOrientationLandscapeRight";
				LD_RUNPATH_SEARCH_PATHS = (
					"$(inherited)",
					"@executable_path/Frameworks",
				);
				MARKETING_VERSION = 1.0;
				PRODUCT_BUNDLE_IDENTIFIER = vapps.Newsium;
				PRODUCT_NAME = "$(TARGET_NAME)";
				SWIFT_EMIT_LOC_STRINGS = YES;
				SWIFT_VERSION = 5.0;
				TARGETED_DEVICE_FAMILY = "1,2";
			};
			name = Release;
		};
/* End XCBuildConfiguration section */

/* Begin XCConfigurationList section */
		D3EFDF6A2C95E910003E4EF2 /* Build configuration list for PBXProject "Newsium" */ = {
			isa = XCConfigurationList;
			buildConfigurations = (
				D3EFDF7B2C95E912003E4EF2 /* Debug */,
				D3EFDF7C2C95E912003E4EF2 /* Release */,
			);
			defaultConfigurationIsVisible = 0;
			defaultConfigurationName = Release;
		};
		D3EFDF7D2C95E912003E4EF2 /* Build configuration list for PBXNativeTarget "Newsium" */ = {
			isa = XCConfigurationList;
			buildConfigurations = (
				D3EFDF7E2C95E912003E4EF2 /* Debug */,
				D3EFDF7F2C95E912003E4EF2 /* Release */,
			);
			defaultConfigurationIsVisible = 0;
			defaultConfigurationName = Release;
		};
/* End XCConfigurationList section */
	};
	rootObject = D3EFDF672C95E910003E4EF2 /* Project object */;
}
